[[package]]
name = "anyio"
version = "3.7.1"
description = "High level compatibility layer for multiple asynchronous event loop implementations"
category = "main"
optional = false
python-versions = ">=3.7"

[package.dependencies]
exceptiongroup = {version = "*", markers = "python_version < \"3.11\""}
idna = ">=2.8"
sniffio = ">=1.1"

[package.extras]
doc = ["packaging", "sphinx", "sphinx-rtd-theme (>=1.2.2)", "sphinxcontrib-jquery", "sphinx-autodoc-typehints (>=1.2.0)"]
test = ["anyio", "coverage[toml] (>=4.5)", "hypothesis (>=4.0)", "psutil (>=5.9)", "pytest (>=7.0)", "pytest-mock (>=3.6.1)", "trustme", "uvloop (>=0.17)", "mock (>=4)"]
trio = ["trio (<0.22)"]

[[package]]
name = "attrs"
version = "23.1.0"
description = "Classes Without Boilerplate"
category = "main"
optional = false
python-versions = ">=3.7"

[package.extras]
cov = ["attrs", "coverage[toml] (>=5.3)"]
dev = ["attrs", "pre-commit"]
docs = ["furo", "myst-parser", "sphinx", "sphinx-notfound-page", "sphinxcontrib-towncrier", "towncrier", "zope-interface"]
tests = ["attrs", "zope-interface"]
tests-no-zope = ["cloudpickle", "hypothesis", "mypy (>=1.1.1)", "pympler", "pytest-mypy-plugins", "pytest-xdist", "pytest (>=4.3.0)"]

[[package]]
name = "automat"
version = "22.10.0"
description = "Self-service finite-state machines for the programmer on the go."
category = "main"
optional = false
python-versions = "*"

[package.dependencies]
attrs = ">=19.2.0"
six = "*"

[package.extras]
visualize = ["graphviz (>0.5.1)", "Twisted (>=16.1.1)"]

[[package]]
name = "beautifulsoup4"
version = "4.12.2"
description = "Screen-scraping library"
category = "main"
optional = false
python-versions = ">=3.6.0"

[package.dependencies]
soupsieve = ">1.2"

[package.extras]
html5lib = ["html5lib"]
lxml = ["lxml"]

[[package]]
name = "bidict"
version = "0.22.1"
description = "The bidirectional mapping library for Python."
category = "main"
optional = false
python-versions = ">=3.7"

[package.extras]
docs = ["sphinx", "sphinx-copybutton", "furo"]
lint = ["pre-commit"]
test = ["hypothesis", "pytest", "pytest-benchmark", "pytest-cov", "pytest-xdist", "sortedcollections", "sortedcontainers", "sphinx"]

[[package]]
name = "blinker"
version = "1.6.2"
description = "Fast, simple object-to-object and broadcast signaling"
category = "main"
optional = false
python-versions = ">=3.7"

[[package]]
name = "certifi"
version = "2023.7.22"
description = "Python package for providing Mozilla's CA Bundle."
category = "main"
optional = false
python-versions = ">=3.6"

[[package]]
name = "cffi"
version = "1.15.1"
description = "Foreign Function Interface for Python calling C code."
category = "main"
optional = false
python-versions = "*"

[package.dependencies]
pycparser = "*"

[[package]]
name = "charset-normalizer"
version = "3.2.0"
description = "The Real First Universal Charset Detector. Open, modern and actively maintained alternative to Chardet."
category = "main"
optional = false
python-versions = ">=3.7.0"

[[package]]
name = "click"
version = "8.1.6"
description = "Composable command line interface toolkit"
category = "main"
optional = false
python-versions = ">=3.7"

[package.dependencies]
colorama = {version = "*", markers = "platform_system == \"Windows\""}

[[package]]
name = "colorama"
version = "0.4.6"
description = "Cross-platform colored terminal text."
category = "main"
optional = false
python-versions = "!=3.0.*,!=3.1.*,!=3.2.*,!=3.3.*,!=3.4.*,!=3.5.*,!=3.6.*,>=2.7"

[[package]]
name = "constantly"
version = "15.1.0"
description = "Symbolic constants in Python"
category = "main"
optional = false
python-versions = "*"

[[package]]
name = "cryptography"
version = "40.0.2"
description = "cryptography is a package which provides cryptographic recipes and primitives to Python developers."
category = "main"
optional = false
python-versions = ">=3.6"

[package.dependencies]
cffi = ">=1.12"

[package.extras]
docs = ["sphinx (>=5.3.0)", "sphinx-rtd-theme (>=1.1.1)"]
docstest = ["pyenchant (>=1.6.11)", "twine (>=1.12.0)", "sphinxcontrib-spelling (>=4.0.1)"]
pep8test = ["black", "ruff", "mypy", "check-manifest"]
sdist = ["setuptools-rust (>=0.11.4)"]
ssh = ["bcrypt (>=3.1.5)"]
test = ["pytest (>=6.2.0)", "pytest-shard (>=0.1.2)", "pytest-benchmark", "pytest-cov", "pytest-subtests", "pytest-xdist", "pretend", "iso8601"]
test-randomorder = ["pytest-randomly"]
tox = ["tox"]

[[package]]
name = "cssselect"
version = "1.2.0"
description = "cssselect parses CSS3 Selectors and translates them to XPath 1.0"
category = "main"
optional = false
python-versions = ">=3.7"

[[package]]
name = "dnspython"
version = "2.4.2"
description = "DNS toolkit"
category = "main"
optional = false
python-versions = ">=3.8,<4.0"

[package.extras]
doq = ["aioquic (>=0.9.20)"]
dnssec = ["cryptography (>=2.6,<42.0)"]
doh = ["h2 (>=4.1.0)", "httpcore (>=0.17.3)", "httpx (>=0.24.1)"]
idna = ["idna (>=2.1,<4.0)"]
trio = ["trio (>=0.14,<0.23)"]
wmi = ["wmi (>=1.5.1,<2.0.0)"]

[[package]]
name = "exceptiongroup"
version = "1.1.2"
description = "Backport of PEP 654 (exception groups)"
category = "main"
optional = false
python-versions = ">=3.7"

[package.extras]
test = ["pytest (>=6)"]

[[package]]
name = "feedparser"
version = "6.0.10"
description = "Universal feed parser, handles RSS 0.9x, RSS 1.0, RSS 2.0, CDF, Atom 0.3, and Atom 1.0 feeds"
category = "main"
optional = false
python-versions = ">=3.6"

[package.dependencies]
sgmllib3k = "*"

[[package]]
name = "filelock"
version = "3.12.2"
description = "A platform independent file lock."
category = "main"
optional = false
python-versions = ">=3.7"

[package.extras]
docs = ["furo (>=2023.5.20)", "sphinx-autodoc-typehints (>=1.23,!=1.23.4)", "sphinx (>=7.0.1)"]
testing = ["covdefaults (>=2.3)", "coverage (>=7.2.7)", "diff-cover (>=7.5)", "pytest-cov (>=4.1)", "pytest-mock (>=3.10)", "pytest-timeout (>=2.1)", "pytest (>=7.3.1)"]

[[package]]
name = "flask"
version = "2.3.2"
description = "A simple framework for building complex web applications."
category = "main"
optional = false
python-versions = ">=3.8"

[package.dependencies]
blinker = ">=1.6.2"
click = ">=8.1.3"
itsdangerous = ">=2.1.2"
Jinja2 = ">=3.1.2"
Werkzeug = ">=2.3.3"

[package.extras]
async = ["asgiref (>=3.2)"]
dotenv = ["python-dotenv"]

[[package]]
name = "flask-socketio"
version = "5.3.5"
description = "Socket.IO integration for Flask applications"
category = "main"
optional = false
python-versions = ">=3.6"

[package.dependencies]
Flask = ">=0.9"
python-socketio = ">=5.0.2"

[package.extras]
docs = ["sphinx"]

[[package]]
name = "h11"
version = "0.14.0"
description = "A pure-Python, bring-your-own-I/O implementation of HTTP/1.1"
category = "main"
optional = false
python-versions = ">=3.7"

[[package]]
name = "httpcore"
version = "0.17.3"
description = "A minimal low-level HTTP client."
category = "main"
optional = false
python-versions = ">=3.7"

[package.dependencies]
anyio = ">=3.0,<5.0"
certifi = "*"
h11 = ">=0.13,<0.15"
sniffio = ">=1.0.0,<2.0.0"

[package.extras]
http2 = ["h2 (>=3,<5)"]
socks = ["socksio (>=1.0.0,<2.0.0)"]

[[package]]
name = "httpx"
version = "0.24.1"
description = "The next generation HTTP client."
category = "main"
optional = false
python-versions = ">=3.7"

[package.dependencies]
certifi = "*"
httpcore = ">=0.15.0,<0.18.0"
idna = "*"
sniffio = "*"

[package.extras]
brotli = ["brotli", "brotlicffi"]
cli = ["click (>=8.0.0,<9.0.0)", "pygments (>=2.0.0,<3.0.0)", "rich (>=10,<14)"]
http2 = ["h2 (>=3,<5)"]
socks = ["socksio (>=1.0.0,<2.0.0)"]

[[package]]
name = "hyperlink"
version = "21.0.0"
description = "A featureful, immutable, and correct URL for Python."
category = "main"
optional = false
python-versions = ">=2.6, !=3.0.*, !=3.1.*, !=3.2.*, !=3.3.*"

[package.dependencies]
idna = ">=2.5"

[[package]]
name = "idna"
version = "3.4"
description = "Internationalized Domain Names in Applications (IDNA)"
category = "main"
optional = false
python-versions = ">=3.5"

[[package]]
name = "incremental"
version = "22.10.0"
description = "\"A small library that versions your Python projects.\""
category = "main"
optional = false
python-versions = "*"

[package.extras]
mypy = ["click (>=6.0)", "twisted (>=16.4.0)", "mypy (==0.812)"]
scripts = ["click (>=6.0)", "twisted (>=16.4.0)"]

[[package]]
name = "itemadapter"
version = "0.8.0"
description = "Common interface for data container classes"
category = "main"
optional = false
python-versions = ">=3.7"

[[package]]
name = "itemloaders"
version = "1.1.0"
description = "Base library for scrapy's ItemLoader"
category = "main"
optional = false
python-versions = ">=3.7"

[package.dependencies]
itemadapter = ">=0.1.0"
jmespath = ">=0.9.5"
parsel = ">=1.5.0"
w3lib = ">=1.17.0"

[[package]]
name = "itsdangerous"
version = "2.1.2"
description = "Safely pass data to untrusted environments and back."
category = "main"
optional = false
python-versions = ">=3.7"

[[package]]
name = "jinja2"
version = "3.1.2"
description = "A very fast and expressive template engine."
category = "main"
optional = false
python-versions = ">=3.7"

[package.dependencies]
MarkupSafe = ">=2.0"

[package.extras]
i18n = ["Babel (>=2.7)"]

[[package]]
name = "jmespath"
version = "1.0.1"
description = "JSON Matching Expressions"
category = "main"
optional = false
python-versions = ">=3.7"

[[package]]
name = "loguru"
version = "0.7.0"
description = "Python logging made (stupidly) simple"
category = "main"
optional = false
python-versions = ">=3.5"

[package.dependencies]
colorama = {version = ">=0.3.4", markers = "sys_platform == \"win32\""}
win32-setctime = {version = ">=1.0.0", markers = "sys_platform == \"win32\""}

[package.extras]
dev = ["mypy (==v0.910)", "tox (==3.27.1)", "pytest (==6.1.2)", "pytest-cov (==2.12.1)", "colorama (==0.4.5)", "freezegun (==1.1.0)", "mypy (==v0.971)", "pytest-mypy-plugins (==1.9.3)", "mypy (==v0.990)", "pre-commit (==3.2.1)", "tox (==4.4.6)", "pytest (==7.2.1)", "pytest-cov (==4.0.0)", "pytest-mypy-plugins (==1.10.1)", "colorama (==0.4.6)", "freezegun (==1.2.2)", "Sphinx (==5.3.0)", "sphinx-autobuild (==2021.3.14)", "sphinx-rtd-theme (==1.2.0)"]

[[package]]
name = "lxml"
version = "4.9.3"
description = "Powerful and Pythonic XML processing library combining libxml2/libxslt with the ElementTree API."
category = "main"
optional = false
python-versions = ">=2.7, !=3.0.*, !=3.1.*, !=3.2.*, !=3.3.*, != 3.4.*"

[package.extras]
cssselect = ["cssselect (>=0.7)"]
html5 = ["html5lib"]
htmlsoup = ["beautifulsoup4"]
source = ["Cython (>=0.29.35)"]

[[package]]
name = "markupsafe"
version = "2.1.3"
description = "Safely add untrusted strings to HTML/XML markup."
category = "main"
optional = false
python-versions = ">=3.7"

[[package]]
name = "packaging"
version = "23.1"
description = "Core utilities for Python packages"
category = "main"
optional = false
python-versions = ">=3.7"

[[package]]
name = "parsel"
version = "1.8.1"
description = "Parsel is a library to extract data from HTML and XML using XPath and CSS selectors"
category = "main"
optional = false
python-versions = ">=3.7"

[package.dependencies]
cssselect = ">=0.9"
jmespath = "*"
lxml = "*"
packaging = "*"
w3lib = ">=1.19.0"

[[package]]
name = "protego"
version = "0.3.0"
description = "Pure-Python robots.txt parser with support for modern conventions"
category = "main"
optional = false
python-versions = ">=3.7"

[[package]]
name = "pyaes"
version = "1.6.1"
description = "Pure-Python Implementation of the AES block-cipher and common modes of operation"
category = "main"
optional = false
python-versions = "*"

[[package]]
name = "pyasn1"
version = "0.5.0"
description = "Pure-Python implementation of ASN.1 types and DER/BER/CER codecs (X.208)"
category = "main"
optional = false
python-versions = "!=3.0.*,!=3.1.*,!=3.2.*,!=3.3.*,!=3.4.*,!=3.5.*,>=2.7"

[[package]]
name = "pyasn1-modules"
version = "0.3.0"
description = "A collection of ASN.1-based protocols modules"
category = "main"
optional = false
python-versions = "!=3.0.*,!=3.1.*,!=3.2.*,!=3.3.*,!=3.4.*,!=3.5.*,>=2.7"

[package.dependencies]
pyasn1 = ">=0.4.6,<0.6.0"

[[package]]
name = "pycparser"
version = "2.21"
description = "C parser in Python"
category = "main"
optional = false
python-versions = ">=2.7, !=3.0.*, !=3.1.*, !=3.2.*, !=3.3.*"

[[package]]
name = "pydispatcher"
version = "2.0.7"
description = "Multi-producer multi-consumer in-memory signal dispatch system"
category = "main"
optional = false
python-versions = "*"

[package.extras]
dev = ["tox"]

[[package]]
name = "pymongo"
version = "4.4.1"
description = "Python driver for MongoDB <http://www.mongodb.org>"
category = "main"
optional = false
python-versions = ">=3.7"

[package.dependencies]
dnspython = ">=1.16.0,<3.0.0"

[package.extras]
aws = ["pymongo-auth-aws (<2.0.0)"]
encryption = ["pymongocrypt (>=1.6.0,<2.0.0)", "pymongo-auth-aws (<2.0.0)"]
gssapi = ["pykerberos"]
ocsp = ["pyopenssl (>=17.2.0)", "requests (<3.0.0)", "service-identity (>=18.1.0)", "certifi"]
snappy = ["python-snappy"]
zstd = ["zstandard"]

[[package]]
name = "pyopenssl"
version = "23.2.0"
description = "Python wrapper module around the OpenSSL library"
category = "main"
optional = false
python-versions = ">=3.6"

[package.dependencies]
cryptography = ">=38.0.0,<40.0.0 || >40.0.0,<40.0.1 || >40.0.1,<42"

[package.extras]
docs = ["sphinx (!=5.2.0,!=5.2.0.post0)", "sphinx-rtd-theme"]
test = ["flaky", "pretend", "pytest (>=3.0.1)"]

[[package]]
name = "pypydispatcher"
version = "2.1.2"
description = "Multi-producer-multi-consumer signal dispatching mechanism"
category = "main"
optional = false
python-versions = "*"

[[package]]
name = "python-dotenv"
version = "0.21.1"
description = "Read key-value pairs from a .env file and set them as environment variables"
category = "main"
optional = false
python-versions = ">=3.7"

[package.extras]
cli = ["click (>=5.0)"]

[[package]]
name = "python-dotenv-vault"
version = "0.6.3"
description = "Decrypt .env.vault file."
category = "main"
optional = false
python-versions = "*"

[package.dependencies]
cryptography = ">=3.1.0,<41.0.0"
python-dotenv = ">=0.21.0,<0.22.0"

[[package]]
name = "python-engineio"
version = "4.5.1"
description = "Engine.IO server and client for Python"
category = "main"
optional = false
python-versions = ">=3.6"

[package.extras]
asyncio_client = ["aiohttp (>=3.4)"]
client = ["requests (>=2.21.0)", "websocket-client (>=0.54.0)"]
docs = ["sphinx"]

[[package]]
name = "python-socketio"
version = "5.8.0"
description = "Socket.IO server and client for Python"
category = "main"
optional = false
python-versions = ">=3.6"

[package.dependencies]
bidict = ">=0.21.0"
python-engineio = ">=4.3.0"

[package.extras]
asyncio_client = ["aiohttp (>=3.4)"]
client = ["requests (>=2.21.0)", "websocket-client (>=0.54.0)"]

[[package]]
name = "queuelib"
version = "1.6.2"
description = "Collection of persistent (disk-based) and non-persistent (memory-based) queues"
category = "main"
optional = false
python-versions = ">=3.5"

[[package]]
name = "requests"
version = "2.31.0"
description = "Python HTTP for Humans."
category = "main"
optional = false
python-versions = ">=3.7"

[package.dependencies]
certifi = ">=2017.4.17"
charset-normalizer = ">=2,<4"
idna = ">=2.5,<4"
urllib3 = ">=1.21.1,<3"

[package.extras]
socks = ["PySocks (>=1.5.6,!=1.5.7)"]
use_chardet_on_py3 = ["chardet (>=3.0.2,<6)"]

[[package]]
name = "requests-file"
version = "1.5.1"
description = "File transport adapter for Requests"
category = "main"
optional = false
python-versions = "*"

[package.dependencies]
requests = ">=1.0.0"
six = "*"

[[package]]
name = "rsa"
version = "4.9"
description = "Pure-Python RSA implementation"
category = "main"
optional = false
python-versions = ">=3.6,<4"

[package.dependencies]
pyasn1 = ">=0.1.3"

[[package]]
name = "scrapy"
version = "2.10.0"
description = "A high-level Web Crawling and Web Scraping framework"
category = "main"
optional = false
python-versions = ">=3.8"

[package.dependencies]
cryptography = ">=36.0.0"
cssselect = ">=0.9.1"
itemadapter = ">=0.1.0"
itemloaders = ">=1.0.1"
lxml = ">=4.4.1"
packaging = "*"
parsel = ">=1.5.0"
protego = ">=0.1.15"
PyDispatcher = {version = ">=2.0.5", markers = "platform_python_implementation == \"CPython\""}
pyOpenSSL = ">=21.0.0"
PyPyDispatcher = {version = ">=2.1.0", markers = "platform_python_implementation == \"PyPy\""}
queuelib = ">=1.4.2"
service-identity = ">=18.1.0"
tldextract = "*"
Twisted = ">=18.9.0"
w3lib = ">=1.17.0"
"zope.interface" = ">=5.1.0"

[[package]]
name = "service-identity"
version = "23.1.0"
description = "Service identity verification for pyOpenSSL & cryptography."
category = "main"
optional = false
python-versions = ">=3.8"

[package.dependencies]
attrs = ">=19.1.0"
cryptography = "*"
pyasn1 = "*"
pyasn1-modules = "*"

[package.extras]
dev = ["pyopenssl", "service-identity"]
docs = ["furo", "myst-parser", "pyopenssl", "sphinx", "sphinx-notfound-page"]
idna = ["idna"]
mypy = ["idna", "mypy", "types-pyopenssl"]
tests = ["coverage[toml] (>=5.0.2)", "pytest"]

[[package]]
name = "sgmllib3k"
version = "1.0.0"
description = "Py3k port of sgmllib."
category = "main"
optional = false
python-versions = "*"

[[package]]
name = "six"
version = "1.16.0"
description = "Python 2 and 3 compatibility utilities"
category = "main"
optional = false
python-versions = ">=2.7, !=3.0.*, !=3.1.*, !=3.2.*"

[[package]]
name = "sniffio"
version = "1.3.0"
description = "Sniff out which async library your code is running under"
category = "main"
optional = false
python-versions = ">=3.7"

[[package]]
name = "soupsieve"
version = "2.4.1"
description = "A modern CSS selector implementation for Beautiful Soup."
category = "main"
optional = false
python-versions = ">=3.7"

[[package]]
name = "telethon"
version = "1.29.2"
description = "Full-featured Telegram client library for Python 3"
category = "main"
optional = false
python-versions = ">=3.5"

[package.dependencies]
pyaes = "*"
rsa = "*"

[package.extras]
cryptg = ["cryptg"]

[[package]]
name = "telethon-cryptg"
version = "0.0.4"
description = "telethon bindings for the tgcrypto module"
category = "main"
optional = false
python-versions = ">=3.6"

[package.dependencies]
tgcrypto = "*"

[[package]]
name = "tgcrypto"
version = "1.2.5"
description = "Fast and Portable Cryptography Extension Library for Pyrogram"
category = "main"
optional = false
python-versions = "~=3.7"

[[package]]
name = "tldextract"
version = "3.4.4"
description = "Accurately separates a URL's subdomain, domain, and public suffix, using the Public Suffix List (PSL). By default, this includes the public ICANN TLDs and their exceptions. You can optionally support the Public Suffix List's private domains as well."
category = "main"
optional = false
python-versions = ">=3.7"

[package.dependencies]
filelock = ">=3.0.8"
idna = "*"
requests = ">=2.1.0"
requests-file = ">=1.4"

[[package]]
name = "twisted"
version = "22.10.0"
description = "An asynchronous networking framework written in Python"
category = "main"
optional = false
python-versions = ">=3.7.1"

[package.dependencies]
attrs = ">=19.2.0"
Automat = ">=0.8.0"
constantly = ">=15.1"
hyperlink = ">=17.1.1"
incremental = ">=21.3.0"
twisted-iocpsupport = {version = ">=1.0.2,<2", markers = "platform_system == \"Windows\""}
typing-extensions = ">=3.6.5"
"zope.interface" = ">=4.4.2"

[package.extras]
all_non_platform = ["cython-test-exception-raiser (>=1.0.2,<2)", "PyHamcrest (>=1.9.0)", "hypothesis (>=6.0,<7.0)", "pyopenssl (>=21.0.0)", "service-identity (>=18.1.0)", "idna (>=2.4)", "pyasn1", "cryptography (>=2.6)", "appdirs (>=1.4.0)", "bcrypt (>=3.0.0)", "pyserial (>=3.0)", "h2 (>=3.0,<5.0)", "priority (>=1.1.0,<2.0)", "pywin32 (!=226)", "contextvars (>=2.4,<3)"]
conch = ["pyasn1", "cryptography (>=2.6)", "appdirs (>=1.4.0)", "bcrypt (>=3.0.0)"]
conch_nacl = ["pyasn1", "cryptography (>=2.6)", "appdirs (>=1.4.0)", "bcrypt (>=3.0.0)", "pynacl"]
contextvars = ["contextvars (>=2.4,<3)"]
dev = ["towncrier (>=22.8,<23.0)", "pydoctor (>=22.9.0,<22.10.0)", "sphinx-rtd-theme (>=1.0,<2.0)", "readthedocs-sphinx-ext (>=2.1,<3.0)", "sphinx (>=5.0,<6)", "pyflakes (>=2.2,<3.0)", "twistedchecker (>=0.7,<1.0)", "coverage (>=6b1,<7)", "python-subunit (>=1.4,<2.0)"]
dev_release = ["towncrier (>=22.8,<23.0)", "pydoctor (>=22.9.0,<22.10.0)", "sphinx-rtd-theme (>=1.0,<2.0)", "readthedocs-sphinx-ext (>=2.1,<3.0)", "sphinx (>=5.0,<6)"]
gtk_platform = ["pygobject", "cython-test-exception-raiser (>=1.0.2,<2)", "PyHamcrest (>=1.9.0)", "hypothesis (>=6.0,<7.0)", "pyopenssl (>=21.0.0)", "service-identity (>=18.1.0)", "idna (>=2.4)", "pyasn1", "cryptography (>=2.6)", "appdirs (>=1.4.0)", "bcrypt (>=3.0.0)", "pyserial (>=3.0)", "h2 (>=3.0,<5.0)", "priority (>=1.1.0,<2.0)", "pywin32 (!=226)", "contextvars (>=2.4,<3)"]
http2 = ["h2 (>=3.0,<5.0)", "priority (>=1.1.0,<2.0)"]
macos_platform = ["pyobjc-core", "pyobjc-framework-cfnetwork", "pyobjc-framework-cocoa", "cython-test-exception-raiser (>=1.0.2,<2)", "PyHamcrest (>=1.9.0)", "hypothesis (>=6.0,<7.0)", "pyopenssl (>=21.0.0)", "service-identity (>=18.1.0)", "idna (>=2.4)", "pyasn1", "cryptography (>=2.6)", "appdirs (>=1.4.0)", "bcrypt (>=3.0.0)", "pyserial (>=3.0)", "h2 (>=3.0,<5.0)", "priority (>=1.1.0,<2.0)", "pywin32 (!=226)", "contextvars (>=2.4,<3)"]
mypy = ["mypy (==0.930)", "mypy-zope (==0.3.4)", "types-setuptools", "types-pyopenssl", "towncrier (>=22.8,<23.0)", "pydoctor (>=22.9.0,<22.10.0)", "sphinx-rtd-theme (>=1.0,<2.0)", "readthedocs-sphinx-ext (>=2.1,<3.0)", "sphinx (>=5.0,<6)", "pyflakes (>=2.2,<3.0)", "twistedchecker (>=0.7,<1.0)", "coverage (>=6b1,<7)", "cython-test-exception-raiser (>=1.0.2,<2)", "PyHamcrest (>=1.9.0)", "hypothesis (>=6.0,<7.0)", "pyopenssl (>=21.0.0)", "service-identity (>=18.1.0)", "idna (>=2.4)", "pyasn1", "cryptography (>=2.6)", "appdirs (>=1.4.0)", "bcrypt (>=3.0.0)", "pyserial (>=3.0)", "h2 (>=3.0,<5.0)", "priority (>=1.1.0,<2.0)", "pynacl", "pywin32 (!=226)", "python-subunit (>=1.4,<2.0)", "contextvars (>=2.4,<3)"]
osx_platform = ["pyobjc-core", "pyobjc-framework-cfnetwork", "pyobjc-framework-cocoa", "cython-test-exception-raiser (>=1.0.2,<2)", "PyHamcrest (>=1.9.0)", "hypothesis (>=6.0,<7.0)", "pyopenssl (>=21.0.0)", "service-identity (>=18.1.0)", "idna (>=2.4)", "pyasn1", "cryptography (>=2.6)", "appdirs (>=1.4.0)", "bcrypt (>=3.0.0)", "pyserial (>=3.0)", "h2 (>=3.0,<5.0)", "priority (>=1.1.0,<2.0)", "pywin32 (!=226)", "contextvars (>=2.4,<3)"]
serial = ["pyserial (>=3.0)", "pywin32 (!=226)"]
test = ["cython-test-exception-raiser (>=1.0.2,<2)", "PyHamcrest (>=1.9.0)", "hypothesis (>=6.0,<7.0)"]
tls = ["pyopenssl (>=21.0.0)", "service-identity (>=18.1.0)", "idna (>=2.4)"]
windows_platform = ["pywin32 (!=226)", "cython-test-exception-raiser (>=1.0.2,<2)", "PyHamcrest (>=1.9.0)", "hypothesis (>=6.0,<7.0)", "pyopenssl (>=21.0.0)", "service-identity (>=18.1.0)", "idna (>=2.4)", "pyasn1", "cryptography (>=2.6)", "appdirs (>=1.4.0)", "bcrypt (>=3.0.0)", "pyserial (>=3.0)", "h2 (>=3.0,<5.0)", "priority (>=1.1.0,<2.0)", "pywin32 (!=226)", "contextvars (>=2.4,<3)"]

[[package]]
name = "twisted-iocpsupport"
version = "1.0.4"
description = "An extension for use in the twisted I/O Completion Ports reactor."
category = "main"
optional = false
python-versions = "*"

[[package]]
name = "typing-extensions"
version = "4.7.1"
description = "Backported and Experimental Type Hints for Python 3.7+"
category = "main"
optional = false
python-versions = ">=3.7"

[[package]]
name = "urllib3"
version = "2.0.4"
description = "HTTP library with thread-safe connection pooling, file post, and more."
category = "main"
optional = false
python-versions = ">=3.7"

[package.extras]
brotli = ["brotli (>=1.0.9)", "brotlicffi (>=0.8.0)"]
secure = ["certifi", "cryptography (>=1.9)", "idna (>=2.0.0)", "pyopenssl (>=17.1.0)", "urllib3-secure-extra"]
socks = ["pysocks (>=1.5.6,!=1.5.7,<2.0)"]
zstd = ["zstandard (>=0.18.0)"]

[[package]]
name = "w3lib"
version = "2.1.2"
description = "Library of web-related functions"
category = "main"
optional = false
python-versions = ">=3.7"

[[package]]
name = "werkzeug"
version = "2.3.6"
description = "The comprehensive WSGI web application library."
category = "main"
optional = false
python-versions = ">=3.8"

[package.dependencies]
MarkupSafe = ">=2.1.1"

[package.extras]
watchdog = ["watchdog (>=2.3)"]

[[package]]
name = "win32-setctime"
version = "1.1.0"
description = "A small Python utility to set file creation time on Windows"
category = "main"
optional = false
python-versions = ">=3.5"

[package.extras]
dev = ["pytest (>=4.6.2)", "black (>=19.3b0)"]

[[package]]
name = "zope.interface"
version = "6.0"
description = "Interfaces for Python"
category = "main"
optional = false
python-versions = ">=3.7"

[package.extras]
docs = ["sphinx", "repoze.sphinx.autointerface"]
test = ["coverage (>=5.0.3)", "zope.event", "zope.testing"]
testing = ["coverage (>=5.0.3)", "zope.event", "zope.testing"]

[metadata]
lock-version = "1.1"
python-versions = "^3.10"
content-hash = "fe7d15b25c4e75e3873aff06e067a432caafe246226eb6710401ad9c439e62e7"

[metadata.files]
anyio = []
attrs = []
automat = []
beautifulsoup4 = []
bidict = []
blinker = []
certifi = []
cffi = []
charset-normalizer = []
click = []
colorama = []
constantly = []
cryptography = []
cssselect = []
dnspython = []
exceptiongroup = []
feedparser = []
filelock = []
flask = []
flask-socketio = []
h11 = []
httpcore = []
httpx = []
hyperlink = []
idna = []
incremental = []
itemadapter = []
itemloaders = []
itsdangerous = []
jinja2 = []
jmespath = []
loguru = []
lxml = []
markupsafe = []
packaging = []
parsel = []
protego = []
pyaes = []
pyasn1 = []
pyasn1-modules = []
pycparser = []
pydispatcher = []
pymongo = []
pyopenssl = []
pypydispatcher = []
python-dotenv = []
python-dotenv-vault = []
python-engineio = []
python-socketio = []
queuelib = []
requests = []
requests-file = []
rsa = []
scrapy = []
service-identity = []
sgmllib3k = []
six = []
sniffio = []
soupsieve = []
telethon = []
telethon-cryptg = []
tgcrypto = []
tldextract = []
twisted = []
twisted-iocpsupport = []
typing-extensions = []
urllib3 = []
w3lib = []
werkzeug = []
win32-setctime = []
"zope.interface" = []
